// !$*UTF8*$!
{
	archiveVersion = 1;
	classes = {
	};
	objectVersion = 46;
	objects = {

/* Begin PBXBuildFile section */
		B54E9C3520CEB65D001BE3EF /* AppDelegate.swift in Sources */ = {isa = PBXBuildFile; fileRef = B54E9C3420CEB65D001BE3EF /* AppDelegate.swift */; };
		B54E9C3720CEB65D001BE3EF /* StartDebateVC.swift in Sources */ = {isa = PBXBuildFile; fileRef = B54E9C3620CEB65D001BE3EF /* StartDebateVC.swift */; };
		B54E9C3A20CEB65D001BE3EF /* Main.storyboard in Resources */ = {isa = PBXBuildFile; fileRef = B54E9C3820CEB65D001BE3EF /* Main.storyboard */; };
		B54E9C3D20CEB65D001BE3EF /* debat_app.xcdatamodeld in Sources */ = {isa = PBXBuildFile; fileRef = B54E9C3B20CEB65D001BE3EF /* debat_app.xcdatamodeld */; };
		B54E9C3F20CEB65D001BE3EF /* Assets.xcassets in Resources */ = {isa = PBXBuildFile; fileRef = B54E9C3E20CEB65D001BE3EF /* Assets.xcassets */; };
		B54E9C4220CEB65D001BE3EF /* LaunchScreen.storyboard in Resources */ = {isa = PBXBuildFile; fileRef = B54E9C4020CEB65D001BE3EF /* LaunchScreen.storyboard */; };
		B54E9C4B20CEBCD3001BE3EF /* SetUpTeamVC.swift in Sources */ = {isa = PBXBuildFile; fileRef = B54E9C4A20CEBCD3001BE3EF /* SetUpTeamVC.swift */; };
/* End PBXBuildFile section */

/* Begin PBXFileReference section */
		B54E9C3120CEB65D001BE3EF /* debat-app.app */ = {isa = PBXFileReference; explicitFileType = wrapper.application; includeInIndex = 0; path = "debat-app.app"; sourceTree = BUILT_PRODUCTS_DIR; };
		B54E9C3420CEB65D001BE3EF /* AppDelegate.swift */ = {isa = PBXFileReference; lastKnownFileType = sourcecode.swift; path = AppDelegate.swift; sourceTree = "<group>"; };
		B54E9C3620CEB65D001BE3EF /* StartDebateVC.swift */ = {isa = PBXFileReference; lastKnownFileType = sourcecode.swift; path = StartDebateVC.swift; sourceTree = "<group>"; };
		B54E9C3920CEB65D001BE3EF /* Base */ = {isa = PBXFileReference; lastKnownFileType = file.storyboard; name = Base; path = Base.lproj/Main.storyboard; sourceTree = "<group>"; };
		B54E9C3C20CEB65D001BE3EF /* debat_app.xcdatamodel */ = {isa = PBXFileReference; lastKnownFileType = wrapper.xcdatamodel; path = debat_app.xcdatamodel; sourceTree = "<group>"; };
		B54E9C3E20CEB65D001BE3EF /* Assets.xcassets */ = {isa = PBXFileReference; lastKnownFileType = folder.assetcatalog; path = Assets.xcassets; sourceTree = "<group>"; };
		B54E9C4120CEB65D001BE3EF /* Base */ = {isa = PBXFileReference; lastKnownFileType = file.storyboard; name = Base; path = Base.lproj/LaunchScreen.storyboard; sourceTree = "<group>"; };
		B54E9C4320CEB65D001BE3EF /* Info.plist */ = {isa = PBXFileReference; lastKnownFileType = text.plist.xml; path = Info.plist; sourceTree = "<group>"; };
		B54E9C4A20CEBCD3001BE3EF /* SetUpTeamVC.swift */ = {isa = PBXFileReference; fileEncoding = 4; lastKnownFileType = sourcecode.swift; path = SetUpTeamVC.swift; sourceTree = "<group>"; };
/* End PBXFileReference section */

/* Begin PBXFrameworksBuildPhase section */
		B54E9C2E20CEB65D001BE3EF /* Frameworks */ = {
			isa = PBXFrameworksBuildPhase;
			buildActionMask = 2147483647;
			files = (
			);
			runOnlyForDeploymentPostprocessing = 0;
		};
/* End PBXFrameworksBuildPhase section */

/* Begin PBXGroup section */
		B54E9C2820CEB65D001BE3EF = {
			isa = PBXGroup;
			children = (
				B54E9C3320CEB65D001BE3EF /* debat-app */,
				B54E9C3220CEB65D001BE3EF /* Products */,
			);
			sourceTree = "<group>";
		};
		B54E9C3220CEB65D001BE3EF /* Products */ = {
			isa = PBXGroup;
			children = (
				B54E9C3120CEB65D001BE3EF /* debat-app.app */,
			);
			name = Products;
			sourceTree = "<group>";
		};
		B54E9C3320CEB65D001BE3EF /* debat-app */ = {
			isa = PBXGroup;
			children = (
				B54E9C4920CEBC82001BE3EF /* Controllers */,
				B54E9C3420CEB65D001BE3EF /* AppDelegate.swift */,
				B54E9C3820CEB65D001BE3EF /* Main.storyboard */,
				B54E9C3E20CEB65D001BE3EF /* Assets.xcassets */,
				B54E9C4020CEB65D001BE3EF /* LaunchScreen.storyboard */,
				B54E9C4320CEB65D001BE3EF /* Info.plist */,
				B54E9C3B20CEB65D001BE3EF /* debat_app.xcdatamodeld */,
			);
			path = "debat-app";
			sourceTree = "<group>";
		};
		B54E9C4920CEBC82001BE3EF /* Controllers */ = {
			isa = PBXGroup;
			children = (
				B54E9C4A20CEBCD3001BE3EF /* SetUpTeamVC.swift */,
				B54E9C3620CEB65D001BE3EF /* StartDebateVC.swift */,
			);
			name = Controllers;
			sourceTree = "<group>";
		};
/* End PBXGroup section */

/* Begin PBXNativeTarget section */
		B54E9C3020CEB65D001BE3EF /* debat-app */ = {
			isa = PBXNativeTarget;
			buildConfigurationList = B54E9C4620CEB65D001BE3EF /* Build configuration list for PBXNativeTarget "debat-app" */;
			buildPhases = (
				B54E9C2D20CEB65D001BE3EF /* Sources */,
				B54E9C2E20CEB65D001BE3EF /* Frameworks */,
				B54E9C2F20CEB65D001BE3EF /* Resources */,
			);
			buildRules = (
			);
			dependencies = (
			);
			name = "debat-app";
			productName = "debat-app";
			productReference = B54E9C3120CEB65D001BE3EF /* debat-app.app */;
			productType = "com.apple.product-type.application";
		};
/* End PBXNativeTarget section */

/* Begin PBXProject section */
		B54E9C2920CEB65D001BE3EF /* Project object */ = {
			isa = PBXProject;
			attributes = {
				LastSwiftUpdateCheck = 0830;
				LastUpgradeCheck = 0830;
				ORGANIZATIONNAME = "Denis Rakitin";
				TargetAttributes = {
					B54E9C3020CEB65D001BE3EF = {
						CreatedOnToolsVersion = 8.3.3;
						DevelopmentTeam = 9X329BRT6C;
						ProvisioningStyle = Automatic;
					};
				};
			};
			buildConfigurationList = B54E9C2C20CEB65D001BE3EF /* Build configuration list for PBXProject "debat-app" */;
			compatibilityVersion = "Xcode 3.2";
			developmentRegion = English;
			hasScannedForEncodings = 0;
			knownRegions = (
				en,
				Base,
			);
			mainGroup = B54E9C2820CEB65D001BE3EF;
			productRefGroup = B54E9C3220CEB65D001BE3EF /* Products */;
			projectDirPath = "";
			projectRoot = "";
			targets = (
				B54E9C3020CEB65D001BE3EF /* debat-app */,
			);
		};
/* End PBXProject section */

/* Begin PBXResourcesBuildPhase section */
		B54E9C2F20CEB65D001BE3EF /* Resources */ = {
			isa = PBXResourcesBuildPhase;
			buildActionMask = 2147483647;
			files = (
				B54E9C4220CEB65D001BE3EF /* LaunchScreen.storyboard in Resources */,
				B54E9C3F20CEB65D001BE3EF /* Assets.xcassets in Resources */,
				B54E9C3A20CEB65D001BE3EF /* Main.storyboard in Resources */,
			);
			runOnlyForDeploymentPostprocessing = 0;
		};
/* End PBXResourcesBuildPhase section */

/* Begin PBXSourcesBuildPhase section */
		B54E9C2D20CEB65D001BE3EF /* Sources */ = {
			isa = PBXSourcesBuildPhase;
			buildActionMask = 2147483647;
			files = (
				B54E9C3720CEB65D001BE3EF /* StartDebateVC.swift in Sources */,
				B54E9C4B20CEBCD3001BE3EF /* SetUpTeamVC.swift in Sources */,
				B54E9C3D20CEB65D001BE3EF /* debat_app.xcdatamodeld in Sources */,
				B54E9C3520CEB65D001BE3EF /* AppDelegate.swift in Sources */,
			);
			runOnlyForDeploymentPostprocessing = 0;
		};
/* End PBXSourcesBuildPhase section */

/* Begin PBXVariantGroup section */
		B54E9C3820CEB65D001BE3EF /* Main.storyboard */ = {
			isa = PBXVariantGroup;
			children = (
				B54E9C3920CEB65D001BE3EF /* Base */,
			);
			name = Main.storyboard;
			sourceTree = "<group>";
		};
		B54E9C4020CEB65D001BE3EF /* LaunchScreen.storyboard */ = {
			isa = PBXVariantGroup;
			children = (
				B54E9C4120CEB65D001BE3EF /* Base */,
			);
			name = LaunchScreen.storyboard;
			sourceTree = "<group>";
		};
/* End PBXVariantGroup section */

/* Begin XCBuildConfiguration section */
		B54E9C4420CEB65D001BE3EF /* Debug */ = {
			isa = XCBuildConfiguration;
			buildSettings = {
				ALWAYS_SEARCH_USER_PATHS = NO;
				CLANG_ANALYZER_NONNULL = YES;
				CLANG_ANALYZER_NUMBER_OBJECT_CONVERSION = YES_AGGRESSIVE;
				CLANG_CXX_LANGUAGE_STANDARD = "gnu++0x";
				CLANG_CXX_LIBRARY = "libc++";
				CLANG_ENABLE_MODULES = YES;
				CLANG_ENABLE_OBJC_ARC = YES;
				CLANG_WARN_BOOL_CONVERSION = YES;
				CLANG_WARN_CONSTANT_CONVERSION = YES;
				CLANG_WARN_DIRECT_OBJC_ISA_USAGE = YES_ERROR;
				CLANG_WARN_DOCUMENTATION_COMMENTS = YES;
				CLANG_WARN_EMPTY_BODY = YES;
				CLANG_WARN_ENUM_CONVERSION = YES;
				CLANG_WARN_INFINITE_RECURSION = YES;
				CLANG_WARN_INT_CONVERSION = YES;
				CLANG_WARN_OBJC_ROOT_CLASS = YES_ERROR;
				CLANG_WARN_SUSPICIOUS_MOVE = YES;
				CLANG_WARN_UNREACHABLE_CODE = YES;
				CLANG_WARN__DUPLICATE_METHOD_MATCH = YES;
				"CODE_SIGN_IDENTITY[sdk=iphoneos*]" = "iPhone Developer";
				COPY_PHASE_STRIP = NO;
				DEBUG_INFORMATION_FORMAT = dwarf;
				ENABLE_STRICT_OBJC_MSGSEND = YES;
				ENABLE_TESTABILITY = YES;
				GCC_C_LANGUAGE_STANDARD = gnu99;
				GCC_DYNAMIC_NO_PIC = NO;
				GCC_NO_COMMON_BLOCKS = YES;
				GCC_OPTIMIZATION_LEVEL = 0;
				GCC_PREPROCESSOR_DEFINITIONS = (
					"DEBUG=1",
					"$(inherited)",
				);
				GCC_WARN_64_TO_32_BIT_CONVERSION = YES;
				GCC_WARN_ABOUT_RETURN_TYPE = YES_ERROR;
				GCC_WARN_UNDECLARED_SELECTOR = YES;
				GCC_WARN_UNINITIALIZED_AUTOS = YES_AGGRESSIVE;
				GCC_WARN_UNUSED_FUNCTION = YES;
				GCC_WARN_UNUSED_VARIABLE = YES;
				IPHONEOS_DEPLOYMENT_TARGET = 10.3;
				MTL_ENABLE_DEBUG_INFO = YES;
				ONLY_ACTIVE_ARCH = YES;
				SDKROOT = iphoneos;
				SWIFT_ACTIVE_COMPILATION_CONDITIONS = DEBUG;
				SWIFT_OPTIMIZATION_LEVEL = "-Onone";
				TARGETED_DEVICE_FAMILY = "1,2";
			};
			name = Debug;
		};
		B54E9C4520CEB65D001BE3EF /* Release */ = {
			isa = XCBuildConfiguration;
			buildSettings = {
				ALWAYS_SEARCH_USER_PATHS = NO;
				CLANG_ANALYZER_NONNULL = YES;
				CLANG_ANALYZER_NUMBER_OBJECT_CONVERSION = YES_AGGRESSIVE;
				CLANG_CXX_LANGUAGE_STANDARD = "gnu++0x";
				CLANG_CXX_LIBRARY = "libc++";
				CLANG_ENABLE_MODULES = YES;
				CLANG_ENABLE_OBJC_ARC = YES;
				CLANG_WARN_BOOL_CONVERSION = YES;
				CLANG_WARN_CONSTANT_CONVERSION = YES;
				CLANG_WARN_DIRECT_OBJC_ISA_USAGE = YES_ERROR;
				CLANG_WARN_DOCUMENTATION_COMMENTS = YES;
				CLANG_WARN_EMPTY_BODY = YES;
				CLANG_WARN_ENUM_CONVERSION = YES;
				CLANG_WARN_INFINITE_RECURSION = YES;
				CLANG_WARN_INT_CONVERSION = YES;
				CLANG_WARN_OBJC_ROOT_CLASS = YES_ERROR;
				CLANG_WARN_SUSPICIOUS_MOVE = YES;
				CLANG_WARN_UNREACHABLE_CODE = YES;
				CLANG_WARN__DUPLICATE_METHOD_MATCH = YES;
				"CODE_SIGN_IDENTITY[sdk=iphoneos*]" = "iPhone Developer";
				COPY_PHASE_STRIP = NO;
				DEBUG_INFORMATION_FORMAT = "dwarf-with-dsym";
				ENABLE_NS_ASSERTIONS = NO;
				ENABLE_STRICT_OBJC_MSGSEND = YES;
				GCC_C_LANGUAGE_STANDARD = gnu99;
				GCC_NO_COMMON_BLOCKS = YES;
				GCC_WARN_64_TO_32_BIT_CONVERSION = YES;
				GCC_WARN_ABOUT_RETURN_TYPE = YES_ERROR;
				GCC_WARN_UNDECLARED_SELECTOR = YES;
				GCC_WARN_UNINITIALIZED_AUTOS = YES_AGGRESSIVE;
				GCC_WARN_UNUSED_FUNCTION = YES;
				GCC_WARN_UNUSED_VARIABLE = YES;
				IPHONEOS_DEPLOYMENT_TARGET = 10.3;
				MTL_ENABLE_DEBUG_INFO = NO;
				SDKROOT = iphoneos;
				SWIFT_OPTIMIZATION_LEVEL = "-Owholemodule";
				TARGETED_DEVICE_FAMILY = "1,2";
				VALIDATE_PRODUCT = YES;
			};
			name = Release;
		};
		B54E9C4720CEB65D001BE3EF /* Debug */ = {
			isa = XCBuildConfiguration;
			buildSettings = {
				ASSETCATALOG_COMPILER_APPICON_NAME = AppIcon;
				DEVELOPMENT_TEAM = 9X329BRT6C;
				INFOPLIST_FILE = "debat-app/Info.plist";
				LD_RUNPATH_SEARCH_PATHS = "$(inherited) @executable_path/Frameworks";
				PRODUCT_BUNDLE_IDENTIFIER = "Piggy-Farm.debat-app";
				PRODUCT_NAME = "$(TARGET_NAME)";
				SWIFT_VERSION = 3.0;
				TARGETED_DEVICE_FAMILY = "1,2";
			};
			name = Debug;
		};
		B54E9C4820CEB65D001BE3EF /* Release */ = {
			isa = XCBuildConfiguration;
			buildSettings = {
				ASSETCATALOG_COMPILER_APPICON_NAME = AppIcon;
				DEVELOPMENT_TEAM = 9X329BRT6C;
				INFOPLIST_FILE = "debat-app/Info.plist";
				LD_RUNPATH_SEARCH_PATHS = "$(inherited) @executable_path/Frameworks";
				PRODUCT_BUNDLE_IDENTIFIER = "Piggy-Farm.debat-app";
				PRODUCT_NAME = "$(TARGET_NAME)";
				SWIFT_VERSION = 3.0;
				TARGETED_DEVICE_FAMILY = "1,2";
			};
			name = Release;
		};
/* End XCBuildConfiguration section */

/* Begin XCConfigurationList section */
		B54E9C2C20CEB65D001BE3EF /* Build configuration list for PBXProject "debat-app" */ = {
			isa = XCConfigurationList;
			buildConfigurations = (
				B54E9C4420CEB65D001BE3EF /* Debug */,
				B54E9C4520CEB65D001BE3EF /* Release */,
			);
			defaultConfigurationIsVisible = 0;
			defaultConfigurationName = Release;
		};
		B54E9C4620CEB65D001BE3EF /* Build configuration list for PBXNativeTarget "debat-app" */ = {
			isa = XCConfigurationList;
			buildConfigurations = (
				B54E9C4720CEB65D001BE3EF /* Debug */,
				B54E9C4820CEB65D001BE3EF /* Release */,
			);
			defaultConfigurationIsVisible = 0;
		};
/* End XCConfigurationList section */

/* Begin XCVersionGroup section */
		B54E9C3B20CEB65D001BE3EF /* debat_app.xcdatamodeld */ = {
			isa = XCVersionGroup;
			children = (
				B54E9C3C20CEB65D001BE3EF /* debat_app.xcdatamodel */,
			);
			currentVersion = B54E9C3C20CEB65D001BE3EF /* debat_app.xcdatamodel */;
			path = debat_app.xcdatamodeld;
			sourceTree = "<group>";
			versionGroupType = wrapper.xcdatamodel;
		};
/* End XCVersionGroup section */
	};
	rootObject = B54E9C2920CEB65D001BE3EF /* Project object */;
}
